// !$*UTF8*$!
{
	archiveVersion = 1;
	classes = {
	};
	objectVersion = 54;
	objects = {

/* Begin PBXBuildFile section */
		00E356F31AD99517003FC87E /* senegenceTests.m in Sources */ = {isa = PBXBuildFile; fileRef = 00E356F21AD99517003FC87E /* senegenceTests.m */; };
		13B07FBC1A68108700A75B9A /* AppDelegate.m in Sources */ = {isa = PBXBuildFile; fileRef = 13B07FB01A68108700A75B9A /* AppDelegate.m */; };
		13B07FBF1A68108700A75B9A /* Images.xcassets in Resources */ = {isa = PBXBuildFile; fileRef = 13B07FB51A68108700A75B9A /* Images.xcassets */; };
		13B07FC11A68108700A75B9A /* main.m in Sources */ = {isa = PBXBuildFile; fileRef = 13B07FB71A68108700A75B9A /* main.m */; };
		320971330469948D3EC15474 /* libPods-senegence-senegenceTests.a in Frameworks */ = {isa = PBXBuildFile; fileRef = 0F84AB9C5B4C28674F41D50D /* libPods-senegence-senegenceTests.a */; };
		7A9FC1B426C3D6CC001C5BB7 /* main.jsbundle in Resources */ = {isa = PBXBuildFile; fileRef = 7A9FC1B326C3D6CC001C5BB7 /* main.jsbundle */; };
		81AB9BB82411601600AC10FF /* LaunchScreen.storyboard in Resources */ = {isa = PBXBuildFile; fileRef = 81AB9BB72411601600AC10FF /* LaunchScreen.storyboard */; };
		8C825DDEF78304E5AF8FBB1D /* libPods-senegence.a in Frameworks */ = {isa = PBXBuildFile; fileRef = 32A1427BB2424743989D69CC /* libPods-senegence.a */; };
		727A3BE8F7DC45D592A5968D /* Avenir Regular.ttf in Resources */ = {isa = PBXBuildFile; fileRef = D5B3099BE66B4A6EA0396100 /* Avenir Regular.ttf */; };
		00E6A262B537476798188BF8 /* AvenirLTStd-Black.otf in Resources */ = {isa = PBXBuildFile; fileRef = 63CCB9F8D7244887A010D116 /* AvenirLTStd-Black.otf */; };
		46677963394649A184EDA2AE /* AvenirLTStd-Book.otf in Resources */ = {isa = PBXBuildFile; fileRef = 49C7BF05914945A8B61418CF /* AvenirLTStd-Book.otf */; };
		6EAE3C974BF5494E965FB17A /* AvenirLTStd-Roman.otf in Resources */ = {isa = PBXBuildFile; fileRef = 1D589437B5344A47A351D5A8 /* AvenirLTStd-Roman.otf */; };
		7499807630254BE3BD9B6AF7 /* AvenirLTProBlack.otf in Resources */ = {isa = PBXBuildFile; fileRef = 15359A2405D1487DB72B9710 /* AvenirLTProBlack.otf */; };
		B0240DC7A01E4DDA89F79925 /* AvenirLTProBlackOblique.otf in Resources */ = {isa = PBXBuildFile; fileRef = 8DFFD5E7A737465DB341FE1A /* AvenirLTProBlackOblique.otf */; };
		95B9FA4A0E054280A37F4B4E /* AvenirLTProBook.otf in Resources */ = {isa = PBXBuildFile; fileRef = 6381336F555F4A6787951ECC /* AvenirLTProBook.otf */; };
		A19BD5652B36415DAE5993CF /* AvenirLTProBookOblique.otf in Resources */ = {isa = PBXBuildFile; fileRef = F9E6E7FDC03449B1AB4390D5 /* AvenirLTProBookOblique.otf */; };
		37C1C8A5F5334186BBA2D589 /* AvenirLTProHeavy.otf in Resources */ = {isa = PBXBuildFile; fileRef = 1CF7BA5205A44650BC3ED13F /* AvenirLTProHeavy.otf */; };
		C301867CA33B4C16A1BF3812 /* AvenirLTProHeavyOblique.otf in Resources */ = {isa = PBXBuildFile; fileRef = 3BC37A73F56A431185949CEF /* AvenirLTProHeavyOblique.otf */; };
		C4C215343E51456B8F173DD0 /* AvenirLTProLight.otf in Resources */ = {isa = PBXBuildFile; fileRef = 94B47A149A864A009572CF04 /* AvenirLTProLight.otf */; };
		2629CFB755274BE6B3523369 /* AvenirLTProLightOblique.otf in Resources */ = {isa = PBXBuildFile; fileRef = 2270B22FA1984E1091255DE4 /* AvenirLTProLightOblique.otf */; };
		87632C6FB49C4F9A8DFB55F4 /* AvenirLTProMedium.otf in Resources */ = {isa = PBXBuildFile; fileRef = 3548A48546DB43C4BF51DAD7 /* AvenirLTProMedium.otf */; };
		31A4AE78644248519DB9CA6E /* AvenirLTProMediumOblique.otf in Resources */ = {isa = PBXBuildFile; fileRef = 119D417DCB3D437EA45E1905 /* AvenirLTProMediumOblique.otf */; };
		A1D8A3655046494DA78DB286 /* AvenirLTProOblique.otf in Resources */ = {isa = PBXBuildFile; fileRef = B084541F9A5E42DF976C7E8E /* AvenirLTProOblique.otf */; };
		E56539E7A9324DCA9C9DC705 /* AvenirLTProRoman.otf in Resources */ = {isa = PBXBuildFile; fileRef = 1009286447E2400DA9E38A6B /* AvenirLTProRoman.otf */; };
		546726EE877F4B0BAF333955 /* AvenirBold.ttf in Resources */ = {isa = PBXBuildFile; fileRef = 9A1A9CA448F1468BBE90016D /* AvenirBold.ttf */; };
		BB8BF07754EC4FA69A95D150 /* AvenirBold.woff in Resources */ = {isa = PBXBuildFile; fileRef = 0BBB2ACA47A44B0EA796F2A7 /* AvenirBold.woff */; };
		4A6F61C87BE9492C87EBAB0A /* AvenirBold.woff2 in Resources */ = {isa = PBXBuildFile; fileRef = EC7466025A304C37A7E5D949 /* AvenirBold.woff2 */; };
		1D5704BF228E4C0D85163BE2 /* AvenirLight.ttf in Resources */ = {isa = PBXBuildFile; fileRef = A7E0CF430110448583A9FAF4 /* AvenirLight.ttf */; };
		8D3441F1C27F4EF98C5CCD6B /* AvenirLight.woff in Resources */ = {isa = PBXBuildFile; fileRef = C57D4912CDC34C7E946F7154 /* AvenirLight.woff */; };
		0530A95C64D4467E954831D6 /* AvenirLight.woff2 in Resources */ = {isa = PBXBuildFile; fileRef = 22AD4D2DE7514A3EA9CAA306 /* AvenirLight.woff2 */; };
		4B4B7B296D7142E79E2040B6 /* AvenirMedium.ttf in Resources */ = {isa = PBXBuildFile; fileRef = 8A19B1632F444F6082DB12FA /* AvenirMedium.ttf */; };
		E92B03480B7B42B7A9FB2D89 /* AvenirMedium.woff in Resources */ = {isa = PBXBuildFile; fileRef = 8B095A688B88433C87F3CE7E /* AvenirMedium.woff */; };
		8787F0AADDF841B9BC87CC1F /* AvenirMedium.woff2 in Resources */ = {isa = PBXBuildFile; fileRef = 9C84C4E445D14FA5B9ADD52D /* AvenirMedium.woff2 */; };
		729A5214B0E24324BF4F55C7 /* AvenirMediumItalic.ttf in Resources */ = {isa = PBXBuildFile; fileRef = 4A9DD057E45147B89F8F3B51 /* AvenirMediumItalic.ttf */; };
		282B52D13E63423CAA8B9116 /* AvenirMediumItalic.woff in Resources */ = {isa = PBXBuildFile; fileRef = 2C8EE1D9FC7E4B1CAD4F644B /* AvenirMediumItalic.woff */; };
		E176FB1111FE46AFA680C6AB /* AvenirMediumItalic.woff2 in Resources */ = {isa = PBXBuildFile; fileRef = 8592686F8A9345C996003D71 /* AvenirMediumItalic.woff2 */; };
		1E1EEB6139284843B3B059CE /* AvenirSemiBold.ttf in Resources */ = {isa = PBXBuildFile; fileRef = 38D9B633BDA14E74A95AEC29 /* AvenirSemiBold.ttf */; };
		0B87A9930977483ABDF9C4C1 /* AvenirSemiBold.woff in Resources */ = {isa = PBXBuildFile; fileRef = 363C79386D2B4642B017CC00 /* AvenirSemiBold.woff */; };
		AFC3312D86394FF8B8D069EA /* AvenirSemiBold.woff2 in Resources */ = {isa = PBXBuildFile; fileRef = 07535E06CAB948A09EB64E00 /* AvenirSemiBold.woff2 */; };
		928F59CD9BFC4593B6488CC1 /* BebasNeue-Bold.otf in Resources */ = {isa = PBXBuildFile; fileRef = 1E48952EDCC04E4C8D152D95 /* BebasNeue-Bold.otf */; };
		E5D66112853F4D53A53E9F91 /* BebasNeue-Book.otf in Resources */ = {isa = PBXBuildFile; fileRef = FC7BA4A558AC4419894A9DFB /* BebasNeue-Book.otf */; };
		3EBD1D2B266D4BE59F2EE874 /* BebasNeue-Light.otf in Resources */ = {isa = PBXBuildFile; fileRef = A4E177F4579241E08AC234CC /* BebasNeue-Light.otf */; };
		95AF05CBC6244507B4DE67E2 /* BebasNeue-Regular.otf in Resources */ = {isa = PBXBuildFile; fileRef = 2E54D2D30DA2424A99D61179 /* BebasNeue-Regular.otf */; };
		02DD81139C2B4E62B27E855C /* BebasNeue-Thin.otf in Resources */ = {isa = PBXBuildFile; fileRef = 0E7A0AAE00694FE9B2B93B60 /* BebasNeue-Thin.otf */; };
		01B30E8E7E134AC6B984EC53 /* BebasNeue-Bold.ttf in Resources */ = {isa = PBXBuildFile; fileRef = CD6B5950CD4B45AFBB3E9F60 /* BebasNeue-Bold.ttf */; };
		28DFA3FB56814C6D8838ECF1 /* BebasNeue-Book.ttf in Resources */ = {isa = PBXBuildFile; fileRef = 2F1DDD7F70D64DC0B48D0328 /* BebasNeue-Book.ttf */; };
		370DCA13EA6B447283CBC370 /* BebasNeue-Light.ttf in Resources */ = {isa = PBXBuildFile; fileRef = 1CBC61060A924B089AB2A776 /* BebasNeue-Light.ttf */; };
		92AEB173E66C496F8399604E /* BebasNeue-Regular.ttf in Resources */ = {isa = PBXBuildFile; fileRef = 90A56FA6B3BC409C8CF16572 /* BebasNeue-Regular.ttf */; };
		905B5CCEEB424E6AAD9080CE /* BebasNeue-Thin.ttf in Resources */ = {isa = PBXBuildFile; fileRef = 2404F8B6373E466383950529 /* BebasNeue-Thin.ttf */; };
/* End PBXBuildFile section */

/* Begin PBXContainerItemProxy section */
		00E356F41AD99517003FC87E /* PBXContainerItemProxy */ = {
			isa = PBXContainerItemProxy;
			containerPortal = 83CBB9F71A601CBA00E9B192 /* Project object */;
			proxyType = 1;
			remoteGlobalIDString = 13B07F861A680F5B00A75B9A;
			remoteInfo = senegence;
		};
/* End PBXContainerItemProxy section */

/* Begin PBXFileReference section */
		00E356EE1AD99517003FC87E /* senegenceTests.xctest */ = {isa = PBXFileReference; explicitFileType = wrapper.cfbundle; includeInIndex = 0; path = senegenceTests.xctest; sourceTree = BUILT_PRODUCTS_DIR; };
		00E356F11AD99517003FC87E /* Info.plist */ = {isa = PBXFileReference; lastKnownFileType = text.plist.xml; path = Info.plist; sourceTree = "<group>"; };
		00E356F21AD99517003FC87E /* senegenceTests.m */ = {isa = PBXFileReference; lastKnownFileType = sourcecode.c.objc; path = senegenceTests.m; sourceTree = "<group>"; };
		0F84AB9C5B4C28674F41D50D /* libPods-senegence-senegenceTests.a */ = {isa = PBXFileReference; explicitFileType = archive.ar; includeInIndex = 0; path = "libPods-senegence-senegenceTests.a"; sourceTree = BUILT_PRODUCTS_DIR; };
		13B07F961A680F5B00A75B9A /* senegence.app */ = {isa = PBXFileReference; explicitFileType = wrapper.application; includeInIndex = 0; path = senegence.app; sourceTree = BUILT_PRODUCTS_DIR; };
		13B07FAF1A68108700A75B9A /* AppDelegate.h */ = {isa = PBXFileReference; fileEncoding = 4; lastKnownFileType = sourcecode.c.h; name = AppDelegate.h; path = senegence/AppDelegate.h; sourceTree = "<group>"; };
		13B07FB01A68108700A75B9A /* AppDelegate.m */ = {isa = PBXFileReference; fileEncoding = 4; lastKnownFileType = sourcecode.c.objc; name = AppDelegate.m; path = senegence/AppDelegate.m; sourceTree = "<group>"; };
		13B07FB51A68108700A75B9A /* Images.xcassets */ = {isa = PBXFileReference; lastKnownFileType = folder.assetcatalog; name = Images.xcassets; path = senegence/Images.xcassets; sourceTree = "<group>"; };
		13B07FB61A68108700A75B9A /* Info.plist */ = {isa = PBXFileReference; fileEncoding = 4; lastKnownFileType = text.plist.xml; name = Info.plist; path = senegence/Info.plist; sourceTree = "<group>"; };
		13B07FB71A68108700A75B9A /* main.m */ = {isa = PBXFileReference; fileEncoding = 4; lastKnownFileType = sourcecode.c.objc; name = main.m; path = senegence/main.m; sourceTree = "<group>"; };
		32A1427BB2424743989D69CC /* libPods-senegence.a */ = {isa = PBXFileReference; explicitFileType = archive.ar; includeInIndex = 0; path = "libPods-senegence.a"; sourceTree = BUILT_PRODUCTS_DIR; };
		75CD6689591A4A44EE6E3C06 /* Pods-senegence-senegenceTests.release.xcconfig */ = {isa = PBXFileReference; includeInIndex = 1; lastKnownFileType = text.xcconfig; name = "Pods-senegence-senegenceTests.release.xcconfig"; path = "Target Support Files/Pods-senegence-senegenceTests/Pods-senegence-senegenceTests.release.xcconfig"; sourceTree = "<group>"; };
		7A9FC1B326C3D6CC001C5BB7 /* main.jsbundle */ = {isa = PBXFileReference; lastKnownFileType = text; path = main.jsbundle; sourceTree = "<group>"; };
		81AB9BB72411601600AC10FF /* LaunchScreen.storyboard */ = {isa = PBXFileReference; fileEncoding = 4; lastKnownFileType = file.storyboard; name = LaunchScreen.storyboard; path = senegence/LaunchScreen.storyboard; sourceTree = "<group>"; };
		822039989A206D01D4279FAC /* Pods-senegence.release.xcconfig */ = {isa = PBXFileReference; includeInIndex = 1; lastKnownFileType = text.xcconfig; name = "Pods-senegence.release.xcconfig"; path = "Target Support Files/Pods-senegence/Pods-senegence.release.xcconfig"; sourceTree = "<group>"; };
		9BA2603E6BCAC3DDD52CF970 /* Pods-senegence.debug.xcconfig */ = {isa = PBXFileReference; includeInIndex = 1; lastKnownFileType = text.xcconfig; name = "Pods-senegence.debug.xcconfig"; path = "Target Support Files/Pods-senegence/Pods-senegence.debug.xcconfig"; sourceTree = "<group>"; };
		DAF931A3056F42197CD7506A /* Pods-senegence-senegenceTests.debug.xcconfig */ = {isa = PBXFileReference; includeInIndex = 1; lastKnownFileType = text.xcconfig; name = "Pods-senegence-senegenceTests.debug.xcconfig"; path = "Target Support Files/Pods-senegence-senegenceTests/Pods-senegence-senegenceTests.debug.xcconfig"; sourceTree = "<group>"; };
		ED297162215061F000B7C4FE /* JavaScriptCore.framework */ = {isa = PBXFileReference; lastKnownFileType = wrapper.framework; name = JavaScriptCore.framework; path = System/Library/Frameworks/JavaScriptCore.framework; sourceTree = SDKROOT; };
		D5B3099BE66B4A6EA0396100 /* Avenir Regular.ttf */ = {isa = PBXFileReference; name = "Avenir Regular.ttf"; path = "../assets/fonts/Avenir Fonts/Avenir Regular.ttf"; sourceTree = "<group>"; fileEncoding = undefined; lastKnownFileType = unknown; explicitFileType = undefined; includeInIndex = 0; };
		63CCB9F8D7244887A010D116 /* AvenirLTStd-Black.otf */ = {isa = PBXFileReference; name = "AvenirLTStd-Black.otf"; path = "../assets/fonts/Avenir Fonts/AvenirLTStd-Black.otf"; sourceTree = "<group>"; fileEncoding = undefined; lastKnownFileType = unknown; explicitFileType = undefined; includeInIndex = 0; };
		49C7BF05914945A8B61418CF /* AvenirLTStd-Book.otf */ = {isa = PBXFileReference; name = "AvenirLTStd-Book.otf"; path = "../assets/fonts/Avenir Fonts/AvenirLTStd-Book.otf"; sourceTree = "<group>"; fileEncoding = undefined; lastKnownFileType = unknown; explicitFileType = undefined; includeInIndex = 0; };
		1D589437B5344A47A351D5A8 /* AvenirLTStd-Roman.otf */ = {isa = PBXFileReference; name = "AvenirLTStd-Roman.otf"; path = "../assets/fonts/Avenir Fonts/AvenirLTStd-Roman.otf"; sourceTree = "<group>"; fileEncoding = undefined; lastKnownFileType = unknown; explicitFileType = undefined; includeInIndex = 0; };
		15359A2405D1487DB72B9710 /* AvenirLTProBlack.otf */ = {isa = PBXFileReference; name = "AvenirLTProBlack.otf"; path = "../assets/fonts/Avenir-lt-pro-cufonfonts/AvenirLTProBlack.otf"; sourceTree = "<group>"; fileEncoding = undefined; lastKnownFileType = unknown; explicitFileType = undefined; includeInIndex = 0; };
		8DFFD5E7A737465DB341FE1A /* AvenirLTProBlackOblique.otf */ = {isa = PBXFileReference; name = "AvenirLTProBlackOblique.otf"; path = "../assets/fonts/Avenir-lt-pro-cufonfonts/AvenirLTProBlackOblique.otf"; sourceTree = "<group>"; fileEncoding = undefined; lastKnownFileType = unknown; explicitFileType = undefined; includeInIndex = 0; };
		6381336F555F4A6787951ECC /* AvenirLTProBook.otf */ = {isa = PBXFileReference; name = "AvenirLTProBook.otf"; path = "../assets/fonts/Avenir-lt-pro-cufonfonts/AvenirLTProBook.otf"; sourceTree = "<group>"; fileEncoding = undefined; lastKnownFileType = unknown; explicitFileType = undefined; includeInIndex = 0; };
		F9E6E7FDC03449B1AB4390D5 /* AvenirLTProBookOblique.otf */ = {isa = PBXFileReference; name = "AvenirLTProBookOblique.otf"; path = "../assets/fonts/Avenir-lt-pro-cufonfonts/AvenirLTProBookOblique.otf"; sourceTree = "<group>"; fileEncoding = undefined; lastKnownFileType = unknown; explicitFileType = undefined; includeInIndex = 0; };
		1CF7BA5205A44650BC3ED13F /* AvenirLTProHeavy.otf */ = {isa = PBXFileReference; name = "AvenirLTProHeavy.otf"; path = "../assets/fonts/Avenir-lt-pro-cufonfonts/AvenirLTProHeavy.otf"; sourceTree = "<group>"; fileEncoding = undefined; lastKnownFileType = unknown; explicitFileType = undefined; includeInIndex = 0; };
		3BC37A73F56A431185949CEF /* AvenirLTProHeavyOblique.otf */ = {isa = PBXFileReference; name = "AvenirLTProHeavyOblique.otf"; path = "../assets/fonts/Avenir-lt-pro-cufonfonts/AvenirLTProHeavyOblique.otf"; sourceTree = "<group>"; fileEncoding = undefined; lastKnownFileType = unknown; explicitFileType = undefined; includeInIndex = 0; };
		94B47A149A864A009572CF04 /* AvenirLTProLight.otf */ = {isa = PBXFileReference; name = "AvenirLTProLight.otf"; path = "../assets/fonts/Avenir-lt-pro-cufonfonts/AvenirLTProLight.otf"; sourceTree = "<group>"; fileEncoding = undefined; lastKnownFileType = unknown; explicitFileType = undefined; includeInIndex = 0; };
		2270B22FA1984E1091255DE4 /* AvenirLTProLightOblique.otf */ = {isa = PBXFileReference; name = "AvenirLTProLightOblique.otf"; path = "../assets/fonts/Avenir-lt-pro-cufonfonts/AvenirLTProLightOblique.otf"; sourceTree = "<group>"; fileEncoding = undefined; lastKnownFileType = unknown; explicitFileType = undefined; includeInIndex = 0; };
		3548A48546DB43C4BF51DAD7 /* AvenirLTProMedium.otf */ = {isa = PBXFileReference; name = "AvenirLTProMedium.otf"; path = "../assets/fonts/Avenir-lt-pro-cufonfonts/AvenirLTProMedium.otf"; sourceTree = "<group>"; fileEncoding = undefined; lastKnownFileType = unknown; explicitFileType = undefined; includeInIndex = 0; };
		119D417DCB3D437EA45E1905 /* AvenirLTProMediumOblique.otf */ = {isa = PBXFileReference; name = "AvenirLTProMediumOblique.otf"; path = "../assets/fonts/Avenir-lt-pro-cufonfonts/AvenirLTProMediumOblique.otf"; sourceTree = "<group>"; fileEncoding = undefined; lastKnownFileType = unknown; explicitFileType = undefined; includeInIndex = 0; };
		B084541F9A5E42DF976C7E8E /* AvenirLTProOblique.otf */ = {isa = PBXFileReference; name = "AvenirLTProOblique.otf"; path = "../assets/fonts/Avenir-lt-pro-cufonfonts/AvenirLTProOblique.otf"; sourceTree = "<group>"; fileEncoding = undefined; lastKnownFileType = unknown; explicitFileType = undefined; includeInIndex = 0; };
		1009286447E2400DA9E38A6B /* AvenirLTProRoman.otf */ = {isa = PBXFileReference; name = "AvenirLTProRoman.otf"; path = "../assets/fonts/Avenir-lt-pro-cufonfonts/AvenirLTProRoman.otf"; sourceTree = "<group>"; fileEncoding = undefined; lastKnownFileType = unknown; explicitFileType = undefined; includeInIndex = 0; };
		9A1A9CA448F1468BBE90016D /* AvenirBold.ttf */ = {isa = PBXFileReference; name = "AvenirBold.ttf"; path = "../assets/fonts/Avenir-master/AvenirBold.ttf"; sourceTree = "<group>"; fileEncoding = undefined; lastKnownFileType = unknown; explicitFileType = undefined; includeInIndex = 0; };
		0BBB2ACA47A44B0EA796F2A7 /* AvenirBold.woff */ = {isa = PBXFileReference; name = "AvenirBold.woff"; path = "../assets/fonts/Avenir-master/AvenirBold.woff"; sourceTree = "<group>"; fileEncoding = undefined; lastKnownFileType = unknown; explicitFileType = undefined; includeInIndex = 0; };
		EC7466025A304C37A7E5D949 /* AvenirBold.woff2 */ = {isa = PBXFileReference; name = "AvenirBold.woff2"; path = "../assets/fonts/Avenir-master/AvenirBold.woff2"; sourceTree = "<group>"; fileEncoding = undefined; lastKnownFileType = unknown; explicitFileType = undefined; includeInIndex = 0; };
		A7E0CF430110448583A9FAF4 /* AvenirLight.ttf */ = {isa = PBXFileReference; name = "AvenirLight.ttf"; path = "../assets/fonts/Avenir-master/AvenirLight.ttf"; sourceTree = "<group>"; fileEncoding = undefined; lastKnownFileType = unknown; explicitFileType = undefined; includeInIndex = 0; };
		C57D4912CDC34C7E946F7154 /* AvenirLight.woff */ = {isa = PBXFileReference; name = "AvenirLight.woff"; path = "../assets/fonts/Avenir-master/AvenirLight.woff"; sourceTree = "<group>"; fileEncoding = undefined; lastKnownFileType = unknown; explicitFileType = undefined; includeInIndex = 0; };
		22AD4D2DE7514A3EA9CAA306 /* AvenirLight.woff2 */ = {isa = PBXFileReference; name = "AvenirLight.woff2"; path = "../assets/fonts/Avenir-master/AvenirLight.woff2"; sourceTree = "<group>"; fileEncoding = undefined; lastKnownFileType = unknown; explicitFileType = undefined; includeInIndex = 0; };
		8A19B1632F444F6082DB12FA /* AvenirMedium.ttf */ = {isa = PBXFileReference; name = "AvenirMedium.ttf"; path = "../assets/fonts/Avenir-master/AvenirMedium.ttf"; sourceTree = "<group>"; fileEncoding = undefined; lastKnownFileType = unknown; explicitFileType = undefined; includeInIndex = 0; };
		8B095A688B88433C87F3CE7E /* AvenirMedium.woff */ = {isa = PBXFileReference; name = "AvenirMedium.woff"; path = "../assets/fonts/Avenir-master/AvenirMedium.woff"; sourceTree = "<group>"; fileEncoding = undefined; lastKnownFileType = unknown; explicitFileType = undefined; includeInIndex = 0; };
		9C84C4E445D14FA5B9ADD52D /* AvenirMedium.woff2 */ = {isa = PBXFileReference; name = "AvenirMedium.woff2"; path = "../assets/fonts/Avenir-master/AvenirMedium.woff2"; sourceTree = "<group>"; fileEncoding = undefined; lastKnownFileType = unknown; explicitFileType = undefined; includeInIndex = 0; };
		4A9DD057E45147B89F8F3B51 /* AvenirMediumItalic.ttf */ = {isa = PBXFileReference; name = "AvenirMediumItalic.ttf"; path = "../assets/fonts/Avenir-master/AvenirMediumItalic.ttf"; sourceTree = "<group>"; fileEncoding = undefined; lastKnownFileType = unknown; explicitFileType = undefined; includeInIndex = 0; };
		2C8EE1D9FC7E4B1CAD4F644B /* AvenirMediumItalic.woff */ = {isa = PBXFileReference; name = "AvenirMediumItalic.woff"; path = "../assets/fonts/Avenir-master/AvenirMediumItalic.woff"; sourceTree = "<group>"; fileEncoding = undefined; lastKnownFileType = unknown; explicitFileType = undefined; includeInIndex = 0; };
		8592686F8A9345C996003D71 /* AvenirMediumItalic.woff2 */ = {isa = PBXFileReference; name = "AvenirMediumItalic.woff2"; path = "../assets/fonts/Avenir-master/AvenirMediumItalic.woff2"; sourceTree = "<group>"; fileEncoding = undefined; lastKnownFileType = unknown; explicitFileType = undefined; includeInIndex = 0; };
		38D9B633BDA14E74A95AEC29 /* AvenirSemiBold.ttf */ = {isa = PBXFileReference; name = "AvenirSemiBold.ttf"; path = "../assets/fonts/Avenir-master/AvenirSemiBold.ttf"; sourceTree = "<group>"; fileEncoding = undefined; lastKnownFileType = unknown; explicitFileType = undefined; includeInIndex = 0; };
		363C79386D2B4642B017CC00 /* AvenirSemiBold.woff */ = {isa = PBXFileReference; name = "AvenirSemiBold.woff"; path = "../assets/fonts/Avenir-master/AvenirSemiBold.woff"; sourceTree = "<group>"; fileEncoding = undefined; lastKnownFileType = unknown; explicitFileType = undefined; includeInIndex = 0; };
		07535E06CAB948A09EB64E00 /* AvenirSemiBold.woff2 */ = {isa = PBXFileReference; name = "AvenirSemiBold.woff2"; path = "../assets/fonts/Avenir-master/AvenirSemiBold.woff2"; sourceTree = "<group>"; fileEncoding = undefined; lastKnownFileType = unknown; explicitFileType = undefined; includeInIndex = 0; };
		1E48952EDCC04E4C8D152D95 /* BebasNeue-Bold.otf */ = {isa = PBXFileReference; name = "BebasNeue-Bold.otf"; path = "../assets/fonts/BebasNeue/Commercial/OTF/BebasNeue-Bold.otf"; sourceTree = "<group>"; fileEncoding = undefined; lastKnownFileType = unknown; explicitFileType = undefined; includeInIndex = 0; };
		FC7BA4A558AC4419894A9DFB /* BebasNeue-Book.otf */ = {isa = PBXFileReference; name = "BebasNeue-Book.otf"; path = "../assets/fonts/BebasNeue/Commercial/OTF/BebasNeue-Book.otf"; sourceTree = "<group>"; fileEncoding = undefined; lastKnownFileType = unknown; explicitFileType = undefined; includeInIndex = 0; };
		A4E177F4579241E08AC234CC /* BebasNeue-Light.otf */ = {isa = PBXFileReference; name = "BebasNeue-Light.otf"; path = "../assets/fonts/BebasNeue/Commercial/OTF/BebasNeue-Light.otf"; sourceTree = "<group>"; fileEncoding = undefined; lastKnownFileType = unknown; explicitFileType = undefined; includeInIndex = 0; };
		2E54D2D30DA2424A99D61179 /* BebasNeue-Regular.otf */ = {isa = PBXFileReference; name = "BebasNeue-Regular.otf"; path = "../assets/fonts/BebasNeue/Commercial/OTF/BebasNeue-Regular.otf"; sourceTree = "<group>"; fileEncoding = undefined; lastKnownFileType = unknown; explicitFileType = undefined; includeInIndex = 0; };
		0E7A0AAE00694FE9B2B93B60 /* BebasNeue-Thin.otf */ = {isa = PBXFileReference; name = "BebasNeue-Thin.otf"; path = "../assets/fonts/BebasNeue/Commercial/OTF/BebasNeue-Thin.otf"; sourceTree = "<group>"; fileEncoding = undefined; lastKnownFileType = unknown; explicitFileType = undefined; includeInIndex = 0; };
		CD6B5950CD4B45AFBB3E9F60 /* BebasNeue-Bold.ttf */ = {isa = PBXFileReference; name = "BebasNeue-Bold.ttf"; path = "../assets/fonts/BebasNeue/Commercial/TTF/BebasNeue-Bold.ttf"; sourceTree = "<group>"; fileEncoding = undefined; lastKnownFileType = unknown; explicitFileType = undefined; includeInIndex = 0; };
		2F1DDD7F70D64DC0B48D0328 /* BebasNeue-Book.ttf */ = {isa = PBXFileReference; name = "BebasNeue-Book.ttf"; path = "../assets/fonts/BebasNeue/Commercial/TTF/BebasNeue-Book.ttf"; sourceTree = "<group>"; fileEncoding = undefined; lastKnownFileType = unknown; explicitFileType = undefined; includeInIndex = 0; };
		1CBC61060A924B089AB2A776 /* BebasNeue-Light.ttf */ = {isa = PBXFileReference; name = "BebasNeue-Light.ttf"; path = "../assets/fonts/BebasNeue/Commercial/TTF/BebasNeue-Light.ttf"; sourceTree = "<group>"; fileEncoding = undefined; lastKnownFileType = unknown; explicitFileType = undefined; includeInIndex = 0; };
		90A56FA6B3BC409C8CF16572 /* BebasNeue-Regular.ttf */ = {isa = PBXFileReference; name = "BebasNeue-Regular.ttf"; path = "../assets/fonts/BebasNeue/Commercial/TTF/BebasNeue-Regular.ttf"; sourceTree = "<group>"; fileEncoding = undefined; lastKnownFileType = unknown; explicitFileType = undefined; includeInIndex = 0; };
		2404F8B6373E466383950529 /* BebasNeue-Thin.ttf */ = {isa = PBXFileReference; name = "BebasNeue-Thin.ttf"; path = "../assets/fonts/BebasNeue/Commercial/TTF/BebasNeue-Thin.ttf"; sourceTree = "<group>"; fileEncoding = undefined; lastKnownFileType = unknown; explicitFileType = undefined; includeInIndex = 0; };
/* End PBXFileReference section */

/* Begin PBXFrameworksBuildPhase section */
		00E356EB1AD99517003FC87E /* Frameworks */ = {
			isa = PBXFrameworksBuildPhase;
			buildActionMask = 2147483647;
			files = (
				320971330469948D3EC15474 /* libPods-senegence-senegenceTests.a in Frameworks */,
			);
			runOnlyForDeploymentPostprocessing = 0;
		};
		13B07F8C1A680F5B00A75B9A /* Frameworks */ = {
			isa = PBXFrameworksBuildPhase;
			buildActionMask = 2147483647;
			files = (
				8C825DDEF78304E5AF8FBB1D /* libPods-senegence.a in Frameworks */,
			);
			runOnlyForDeploymentPostprocessing = 0;
		};
/* End PBXFrameworksBuildPhase section */

/* Begin PBXGroup section */
		00E356EF1AD99517003FC87E /* senegenceTests */ = {
			isa = PBXGroup;
			children = (
				00E356F21AD99517003FC87E /* senegenceTests.m */,
				00E356F01AD99517003FC87E /* Supporting Files */,
			);
			path = senegenceTests;
			sourceTree = "<group>";
		};
		00E356F01AD99517003FC87E /* Supporting Files */ = {
			isa = PBXGroup;
			children = (
				00E356F11AD99517003FC87E /* Info.plist */,
			);
			name = "Supporting Files";
			sourceTree = "<group>";
		};
		13B07FAE1A68108700A75B9A /* senegence */ = {
			isa = PBXGroup;
			children = (
				7A9FC1B326C3D6CC001C5BB7 /* main.jsbundle */,
				13B07FAF1A68108700A75B9A /* AppDelegate.h */,
				13B07FB01A68108700A75B9A /* AppDelegate.m */,
				13B07FB51A68108700A75B9A /* Images.xcassets */,
				13B07FB61A68108700A75B9A /* Info.plist */,
				81AB9BB72411601600AC10FF /* LaunchScreen.storyboard */,
				13B07FB71A68108700A75B9A /* main.m */,
			);
			name = senegence;
			sourceTree = "<group>";
		};
		2D16E6871FA4F8E400B85C8A /* Frameworks */ = {
			isa = PBXGroup;
			children = (
				ED297162215061F000B7C4FE /* JavaScriptCore.framework */,
				32A1427BB2424743989D69CC /* libPods-senegence.a */,
				0F84AB9C5B4C28674F41D50D /* libPods-senegence-senegenceTests.a */,
			);
			name = Frameworks;
			sourceTree = "<group>";
		};
		832341AE1AAA6A7D00B99B32 /* Libraries */ = {
			isa = PBXGroup;
			children = (
			);
			name = Libraries;
			sourceTree = "<group>";
		};
		83CBB9F61A601CBA00E9B192 = {
			isa = PBXGroup;
			children = (
				13B07FAE1A68108700A75B9A /* senegence */,
				832341AE1AAA6A7D00B99B32 /* Libraries */,
				00E356EF1AD99517003FC87E /* senegenceTests */,
				83CBBA001A601CBA00E9B192 /* Products */,
				2D16E6871FA4F8E400B85C8A /* Frameworks */,
				B4F5223FFA868536B70FDF12 /* Pods */,
				0EDD57A1D9084E1FB1C3887D /* Resources */,
			);
			indentWidth = 2;
			sourceTree = "<group>";
			tabWidth = 2;
			usesTabs = 0;
		};
		83CBBA001A601CBA00E9B192 /* Products */ = {
			isa = PBXGroup;
			children = (
				13B07F961A680F5B00A75B9A /* senegence.app */,
				00E356EE1AD99517003FC87E /* senegenceTests.xctest */,
			);
			name = Products;
			sourceTree = "<group>";
		};
		B4F5223FFA868536B70FDF12 /* Pods */ = {
			isa = PBXGroup;
			children = (
				9BA2603E6BCAC3DDD52CF970 /* Pods-senegence.debug.xcconfig */,
				822039989A206D01D4279FAC /* Pods-senegence.release.xcconfig */,
				DAF931A3056F42197CD7506A /* Pods-senegence-senegenceTests.debug.xcconfig */,
				75CD6689591A4A44EE6E3C06 /* Pods-senegence-senegenceTests.release.xcconfig */,
			);
			path = Pods;
			sourceTree = "<group>";
		};
		0EDD57A1D9084E1FB1C3887D /* Resources */ = {
			isa = "PBXGroup";
			children = (
				D5B3099BE66B4A6EA0396100 /* Avenir Regular.ttf */,
				63CCB9F8D7244887A010D116 /* AvenirLTStd-Black.otf */,
				49C7BF05914945A8B61418CF /* AvenirLTStd-Book.otf */,
				1D589437B5344A47A351D5A8 /* AvenirLTStd-Roman.otf */,
				15359A2405D1487DB72B9710 /* AvenirLTProBlack.otf */,
				8DFFD5E7A737465DB341FE1A /* AvenirLTProBlackOblique.otf */,
				6381336F555F4A6787951ECC /* AvenirLTProBook.otf */,
				F9E6E7FDC03449B1AB4390D5 /* AvenirLTProBookOblique.otf */,
				1CF7BA5205A44650BC3ED13F /* AvenirLTProHeavy.otf */,
				3BC37A73F56A431185949CEF /* AvenirLTProHeavyOblique.otf */,
				94B47A149A864A009572CF04 /* AvenirLTProLight.otf */,
				2270B22FA1984E1091255DE4 /* AvenirLTProLightOblique.otf */,
				3548A48546DB43C4BF51DAD7 /* AvenirLTProMedium.otf */,
				119D417DCB3D437EA45E1905 /* AvenirLTProMediumOblique.otf */,
				B084541F9A5E42DF976C7E8E /* AvenirLTProOblique.otf */,
				1009286447E2400DA9E38A6B /* AvenirLTProRoman.otf */,
				9A1A9CA448F1468BBE90016D /* AvenirBold.ttf */,
				0BBB2ACA47A44B0EA796F2A7 /* AvenirBold.woff */,
				EC7466025A304C37A7E5D949 /* AvenirBold.woff2 */,
				A7E0CF430110448583A9FAF4 /* AvenirLight.ttf */,
				C57D4912CDC34C7E946F7154 /* AvenirLight.woff */,
				22AD4D2DE7514A3EA9CAA306 /* AvenirLight.woff2 */,
				8A19B1632F444F6082DB12FA /* AvenirMedium.ttf */,
				8B095A688B88433C87F3CE7E /* AvenirMedium.woff */,
				9C84C4E445D14FA5B9ADD52D /* AvenirMedium.woff2 */,
				4A9DD057E45147B89F8F3B51 /* AvenirMediumItalic.ttf */,
				2C8EE1D9FC7E4B1CAD4F644B /* AvenirMediumItalic.woff */,
				8592686F8A9345C996003D71 /* AvenirMediumItalic.woff2 */,
				38D9B633BDA14E74A95AEC29 /* AvenirSemiBold.ttf */,
				363C79386D2B4642B017CC00 /* AvenirSemiBold.woff */,
				07535E06CAB948A09EB64E00 /* AvenirSemiBold.woff2 */,
				1E48952EDCC04E4C8D152D95 /* BebasNeue-Bold.otf */,
				FC7BA4A558AC4419894A9DFB /* BebasNeue-Book.otf */,
				A4E177F4579241E08AC234CC /* BebasNeue-Light.otf */,
				2E54D2D30DA2424A99D61179 /* BebasNeue-Regular.otf */,
				0E7A0AAE00694FE9B2B93B60 /* BebasNeue-Thin.otf */,
				CD6B5950CD4B45AFBB3E9F60 /* BebasNeue-Bold.ttf */,
				2F1DDD7F70D64DC0B48D0328 /* BebasNeue-Book.ttf */,
				1CBC61060A924B089AB2A776 /* BebasNeue-Light.ttf */,
				90A56FA6B3BC409C8CF16572 /* BebasNeue-Regular.ttf */,
				2404F8B6373E466383950529 /* BebasNeue-Thin.ttf */,
			);
			name = Resources;
			sourceTree = "<group>";
			path = "";
		};
/* End PBXGroup section */

/* Begin PBXNativeTarget section */
		00E356ED1AD99517003FC87E /* senegenceTests */ = {
			isa = PBXNativeTarget;
			buildConfigurationList = 00E357021AD99517003FC87E /* Build configuration list for PBXNativeTarget "senegenceTests" */;
			buildPhases = (
				450A40F7208D6EECF31E6852 /* [CP] Check Pods Manifest.lock */,
				00E356EA1AD99517003FC87E /* Sources */,
				00E356EB1AD99517003FC87E /* Frameworks */,
				00E356EC1AD99517003FC87E /* Resources */,
				803DB6A8873DD690AFFFB663 /* [CP] Copy Pods Resources */,
			);
			buildRules = (
			);
			dependencies = (
				00E356F51AD99517003FC87E /* PBXTargetDependency */,
			);
			name = senegenceTests;
			productName = senegenceTests;
			productReference = 00E356EE1AD99517003FC87E /* senegenceTests.xctest */;
			productType = "com.apple.product-type.bundle.unit-test";
		};
		13B07F861A680F5B00A75B9A /* senegence */ = {
			isa = PBXNativeTarget;
			buildConfigurationList = 13B07F931A680F5B00A75B9A /* Build configuration list for PBXNativeTarget "senegence" */;
			buildPhases = (
				2D7C2970F75E58EEC4410623 /* [CP] Check Pods Manifest.lock */,
				FD10A7F022414F080027D42C /* Start Packager */,
				13B07F871A680F5B00A75B9A /* Sources */,
				13B07F8C1A680F5B00A75B9A /* Frameworks */,
				13B07F8E1A680F5B00A75B9A /* Resources */,
				00DD1BFF1BD5951E006B06BC /* Bundle React Native code and images */,
				780EC2F0E026A8227FF5CD96 /* [CP] Copy Pods Resources */,
			);
			buildRules = (
			);
			dependencies = (
			);
			name = senegence;
			productName = senegence;
			productReference = 13B07F961A680F5B00A75B9A /* senegence.app */;
			productType = "com.apple.product-type.application";
		};
/* End PBXNativeTarget section */

/* Begin PBXProject section */
		83CBB9F71A601CBA00E9B192 /* Project object */ = {
			isa = PBXProject;
			attributes = {
				LastUpgradeCheck = 1210;
				TargetAttributes = {
					00E356ED1AD99517003FC87E = {
						CreatedOnToolsVersion = 6.2;
						TestTargetID = 13B07F861A680F5B00A75B9A;
					};
					13B07F861A680F5B00A75B9A = {
						LastSwiftMigration = 1120;
					};
				};
			};
			buildConfigurationList = 83CBB9FA1A601CBA00E9B192 /* Build configuration list for PBXProject "senegence" */;
			compatibilityVersion = "Xcode 12.0";
			developmentRegion = en;
			hasScannedForEncodings = 0;
			knownRegions = (
				en,
				Base,
			);
			mainGroup = 83CBB9F61A601CBA00E9B192;
			productRefGroup = 83CBBA001A601CBA00E9B192 /* Products */;
			projectDirPath = "";
			projectRoot = "";
			targets = (
				13B07F861A680F5B00A75B9A /* senegence */,
				00E356ED1AD99517003FC87E /* senegenceTests */,
			);
		};
/* End PBXProject section */

/* Begin PBXResourcesBuildPhase section */
		00E356EC1AD99517003FC87E /* Resources */ = {
			isa = PBXResourcesBuildPhase;
			buildActionMask = 2147483647;
			files = (
			);
			runOnlyForDeploymentPostprocessing = 0;
		};
		13B07F8E1A680F5B00A75B9A /* Resources */ = {
			isa = PBXResourcesBuildPhase;
			buildActionMask = 2147483647;
			files = (
				7A9FC1B426C3D6CC001C5BB7 /* main.jsbundle in Resources */,
				81AB9BB82411601600AC10FF /* LaunchScreen.storyboard in Resources */,
				13B07FBF1A68108700A75B9A /* Images.xcassets in Resources */,
				727A3BE8F7DC45D592A5968D /* Avenir Regular.ttf in Resources */,
				00E6A262B537476798188BF8 /* AvenirLTStd-Black.otf in Resources */,
				46677963394649A184EDA2AE /* AvenirLTStd-Book.otf in Resources */,
				6EAE3C974BF5494E965FB17A /* AvenirLTStd-Roman.otf in Resources */,
				7499807630254BE3BD9B6AF7 /* AvenirLTProBlack.otf in Resources */,
				B0240DC7A01E4DDA89F79925 /* AvenirLTProBlackOblique.otf in Resources */,
				95B9FA4A0E054280A37F4B4E /* AvenirLTProBook.otf in Resources */,
				A19BD5652B36415DAE5993CF /* AvenirLTProBookOblique.otf in Resources */,
				37C1C8A5F5334186BBA2D589 /* AvenirLTProHeavy.otf in Resources */,
				C301867CA33B4C16A1BF3812 /* AvenirLTProHeavyOblique.otf in Resources */,
				C4C215343E51456B8F173DD0 /* AvenirLTProLight.otf in Resources */,
				2629CFB755274BE6B3523369 /* AvenirLTProLightOblique.otf in Resources */,
				87632C6FB49C4F9A8DFB55F4 /* AvenirLTProMedium.otf in Resources */,
				31A4AE78644248519DB9CA6E /* AvenirLTProMediumOblique.otf in Resources */,
				A1D8A3655046494DA78DB286 /* AvenirLTProOblique.otf in Resources */,
				E56539E7A9324DCA9C9DC705 /* AvenirLTProRoman.otf in Resources */,
				546726EE877F4B0BAF333955 /* AvenirBold.ttf in Resources */,
				BB8BF07754EC4FA69A95D150 /* AvenirBold.woff in Resources */,
				4A6F61C87BE9492C87EBAB0A /* AvenirBold.woff2 in Resources */,
				1D5704BF228E4C0D85163BE2 /* AvenirLight.ttf in Resources */,
				8D3441F1C27F4EF98C5CCD6B /* AvenirLight.woff in Resources */,
				0530A95C64D4467E954831D6 /* AvenirLight.woff2 in Resources */,
				4B4B7B296D7142E79E2040B6 /* AvenirMedium.ttf in Resources */,
				E92B03480B7B42B7A9FB2D89 /* AvenirMedium.woff in Resources */,
				8787F0AADDF841B9BC87CC1F /* AvenirMedium.woff2 in Resources */,
				729A5214B0E24324BF4F55C7 /* AvenirMediumItalic.ttf in Resources */,
				282B52D13E63423CAA8B9116 /* AvenirMediumItalic.woff in Resources */,
				E176FB1111FE46AFA680C6AB /* AvenirMediumItalic.woff2 in Resources */,
				1E1EEB6139284843B3B059CE /* AvenirSemiBold.ttf in Resources */,
				0B87A9930977483ABDF9C4C1 /* AvenirSemiBold.woff in Resources */,
				AFC3312D86394FF8B8D069EA /* AvenirSemiBold.woff2 in Resources */,
				928F59CD9BFC4593B6488CC1 /* BebasNeue-Bold.otf in Resources */,
				E5D66112853F4D53A53E9F91 /* BebasNeue-Book.otf in Resources */,
				3EBD1D2B266D4BE59F2EE874 /* BebasNeue-Light.otf in Resources */,
				95AF05CBC6244507B4DE67E2 /* BebasNeue-Regular.otf in Resources */,
				02DD81139C2B4E62B27E855C /* BebasNeue-Thin.otf in Resources */,
				01B30E8E7E134AC6B984EC53 /* BebasNeue-Bold.ttf in Resources */,
				28DFA3FB56814C6D8838ECF1 /* BebasNeue-Book.ttf in Resources */,
				370DCA13EA6B447283CBC370 /* BebasNeue-Light.ttf in Resources */,
				92AEB173E66C496F8399604E /* BebasNeue-Regular.ttf in Resources */,
				905B5CCEEB424E6AAD9080CE /* BebasNeue-Thin.ttf in Resources */,
			);
			runOnlyForDeploymentPostprocessing = 0;
		};
/* End PBXResourcesBuildPhase section */

/* Begin PBXShellScriptBuildPhase section */
		00DD1BFF1BD5951E006B06BC /* Bundle React Native code and images */ = {
			isa = PBXShellScriptBuildPhase;
			buildActionMask = 2147483647;
			files = (
			);
			inputPaths = (
			);
			name = "Bundle React Native code and images";
			outputPaths = (
			);
			runOnlyForDeploymentPostprocessing = 0;
			shellPath = /bin/sh;
			shellScript = "set -e\n\nexport NODE_BINARY=node\n../node_modules/react-native/scripts/react-native-xcode.sh\n";
		};
		2D7C2970F75E58EEC4410623 /* [CP] Check Pods Manifest.lock */ = {
			isa = PBXShellScriptBuildPhase;
			buildActionMask = 2147483647;
			files = (
			);
			inputFileListPaths = (
			);
			inputPaths = (
				"${PODS_PODFILE_DIR_PATH}/Podfile.lock",
				"${PODS_ROOT}/Manifest.lock",
			);
			name = "[CP] Check Pods Manifest.lock";
			outputFileListPaths = (
			);
			outputPaths = (
				"$(DERIVED_FILE_DIR)/Pods-senegence-checkManifestLockResult.txt",
			);
			runOnlyForDeploymentPostprocessing = 0;
			shellPath = /bin/sh;
			shellScript = "diff \"${PODS_PODFILE_DIR_PATH}/Podfile.lock\" \"${PODS_ROOT}/Manifest.lock\" > /dev/null\nif [ $? != 0 ] ; then\n    # print error to STDERR\n    echo \"error: The sandbox is not in sync with the Podfile.lock. Run 'pod install' or update your CocoaPods installation.\" >&2\n    exit 1\nfi\n# This output is used by Xcode 'outputs' to avoid re-running this script phase.\necho \"SUCCESS\" > \"${SCRIPT_OUTPUT_FILE_0}\"\n";
			showEnvVarsInLog = 0;
		};
		450A40F7208D6EECF31E6852 /* [CP] Check Pods Manifest.lock */ = {
			isa = PBXShellScriptBuildPhase;
			buildActionMask = 2147483647;
			files = (
			);
			inputFileListPaths = (
			);
			inputPaths = (
				"${PODS_PODFILE_DIR_PATH}/Podfile.lock",
				"${PODS_ROOT}/Manifest.lock",
			);
			name = "[CP] Check Pods Manifest.lock";
			outputFileListPaths = (
			);
			outputPaths = (
				"$(DERIVED_FILE_DIR)/Pods-senegence-senegenceTests-checkManifestLockResult.txt",
			);
			runOnlyForDeploymentPostprocessing = 0;
			shellPath = /bin/sh;
			shellScript = "diff \"${PODS_PODFILE_DIR_PATH}/Podfile.lock\" \"${PODS_ROOT}/Manifest.lock\" > /dev/null\nif [ $? != 0 ] ; then\n    # print error to STDERR\n    echo \"error: The sandbox is not in sync with the Podfile.lock. Run 'pod install' or update your CocoaPods installation.\" >&2\n    exit 1\nfi\n# This output is used by Xcode 'outputs' to avoid re-running this script phase.\necho \"SUCCESS\" > \"${SCRIPT_OUTPUT_FILE_0}\"\n";
			showEnvVarsInLog = 0;
		};
		780EC2F0E026A8227FF5CD96 /* [CP] Copy Pods Resources */ = {
			isa = PBXShellScriptBuildPhase;
			buildActionMask = 2147483647;
			files = (
			);
			inputFileListPaths = (
				"${PODS_ROOT}/Target Support Files/Pods-senegence/Pods-senegence-resources-${CONFIGURATION}-input-files.xcfilelist",
			);
			name = "[CP] Copy Pods Resources";
			outputFileListPaths = (
				"${PODS_ROOT}/Target Support Files/Pods-senegence/Pods-senegence-resources-${CONFIGURATION}-output-files.xcfilelist",
			);
			runOnlyForDeploymentPostprocessing = 0;
			shellPath = /bin/sh;
			shellScript = "\"${PODS_ROOT}/Target Support Files/Pods-senegence/Pods-senegence-resources.sh\"\n";
			showEnvVarsInLog = 0;
		};
		803DB6A8873DD690AFFFB663 /* [CP] Copy Pods Resources */ = {
			isa = PBXShellScriptBuildPhase;
			buildActionMask = 2147483647;
			files = (
			);
			inputFileListPaths = (
				"${PODS_ROOT}/Target Support Files/Pods-senegence-senegenceTests/Pods-senegence-senegenceTests-resources-${CONFIGURATION}-input-files.xcfilelist",
			);
			name = "[CP] Copy Pods Resources";
			outputFileListPaths = (
				"${PODS_ROOT}/Target Support Files/Pods-senegence-senegenceTests/Pods-senegence-senegenceTests-resources-${CONFIGURATION}-output-files.xcfilelist",
			);
			runOnlyForDeploymentPostprocessing = 0;
			shellPath = /bin/sh;
			shellScript = "\"${PODS_ROOT}/Target Support Files/Pods-senegence-senegenceTests/Pods-senegence-senegenceTests-resources.sh\"\n";
			showEnvVarsInLog = 0;
		};
		FD10A7F022414F080027D42C /* Start Packager */ = {
			isa = PBXShellScriptBuildPhase;
			buildActionMask = 2147483647;
			files = (
			);
			inputFileListPaths = (
			);
			inputPaths = (
			);
			name = "Start Packager";
			outputFileListPaths = (
			);
			outputPaths = (
			);
			runOnlyForDeploymentPostprocessing = 0;
			shellPath = /bin/sh;
			shellScript = "export RCT_METRO_PORT=\"${RCT_METRO_PORT:=8081}\"\necho \"export RCT_METRO_PORT=${RCT_METRO_PORT}\" > \"${SRCROOT}/../node_modules/react-native/scripts/.packager.env\"\nif [ -z \"${RCT_NO_LAUNCH_PACKAGER+xxx}\" ] ; then\n  if nc -w 5 -z localhost ${RCT_METRO_PORT} ; then\n    if ! curl -s \"http://localhost:${RCT_METRO_PORT}/status\" | grep -q \"packager-status:running\" ; then\n      echo \"Port ${RCT_METRO_PORT} already in use, packager is either not running or not running correctly\"\n      exit 2\n    fi\n  else\n    open \"$SRCROOT/../node_modules/react-native/scripts/launchPackager.command\" || echo \"Can't start packager automatically\"\n  fi\nfi\n";
			showEnvVarsInLog = 0;
		};
/* End PBXShellScriptBuildPhase section */

/* Begin PBXSourcesBuildPhase section */
		00E356EA1AD99517003FC87E /* Sources */ = {
			isa = PBXSourcesBuildPhase;
			buildActionMask = 2147483647;
			files = (
				00E356F31AD99517003FC87E /* senegenceTests.m in Sources */,
			);
			runOnlyForDeploymentPostprocessing = 0;
		};
		13B07F871A680F5B00A75B9A /* Sources */ = {
			isa = PBXSourcesBuildPhase;
			buildActionMask = 2147483647;
			files = (
				13B07FBC1A68108700A75B9A /* AppDelegate.m in Sources */,
				13B07FC11A68108700A75B9A /* main.m in Sources */,
			);
			runOnlyForDeploymentPostprocessing = 0;
		};
/* End PBXSourcesBuildPhase section */

/* Begin PBXTargetDependency section */
		00E356F51AD99517003FC87E /* PBXTargetDependency */ = {
			isa = PBXTargetDependency;
			target = 13B07F861A680F5B00A75B9A /* senegence */;
			targetProxy = 00E356F41AD99517003FC87E /* PBXContainerItemProxy */;
		};
/* End PBXTargetDependency section */

/* Begin XCBuildConfiguration section */
		00E356F61AD99517003FC87E /* Debug */ = {
			isa = XCBuildConfiguration;
			baseConfigurationReference = DAF931A3056F42197CD7506A /* Pods-senegence-senegenceTests.debug.xcconfig */;
			buildSettings = {
				BUNDLE_LOADER = "$(TEST_HOST)";
				GCC_PREPROCESSOR_DEFINITIONS = (
					"DEBUG=1",
					"$(inherited)",
				);
				INFOPLIST_FILE = senegenceTests/Info.plist;
				IPHONEOS_DEPLOYMENT_TARGET = 10.0;
				LD_RUNPATH_SEARCH_PATHS = (
					"$(inherited)",
					"@executable_path/Frameworks",
					"@loader_path/Frameworks",
				);
				OTHER_LDFLAGS = (
					"-ObjC",
					"-lc++",
					"$(inherited)",
				);
				PRODUCT_BUNDLE_IDENTIFIER = "org.reactjs.native.example.$(PRODUCT_NAME:rfc1034identifier)";
				PRODUCT_NAME = "$(TARGET_NAME)";
				TEST_HOST = "$(BUILT_PRODUCTS_DIR)/senegence.app/senegence";
			};
			name = Debug;
		};
		00E356F71AD99517003FC87E /* Release */ = {
			isa = XCBuildConfiguration;
			baseConfigurationReference = 75CD6689591A4A44EE6E3C06 /* Pods-senegence-senegenceTests.release.xcconfig */;
			buildSettings = {
				BUNDLE_LOADER = "$(TEST_HOST)";
				COPY_PHASE_STRIP = NO;
				INFOPLIST_FILE = senegenceTests/Info.plist;
				IPHONEOS_DEPLOYMENT_TARGET = 10.0;
				LD_RUNPATH_SEARCH_PATHS = (
					"$(inherited)",
					"@executable_path/Frameworks",
					"@loader_path/Frameworks",
				);
				OTHER_LDFLAGS = (
					"-ObjC",
					"-lc++",
					"$(inherited)",
				);
				PRODUCT_BUNDLE_IDENTIFIER = "org.reactjs.native.example.$(PRODUCT_NAME:rfc1034identifier)";
				PRODUCT_NAME = "$(TARGET_NAME)";
				TEST_HOST = "$(BUILT_PRODUCTS_DIR)/senegence.app/senegence";
			};
			name = Release;
		};
		13B07F941A680F5B00A75B9A /* Debug */ = {
			isa = XCBuildConfiguration;
			baseConfigurationReference = 9BA2603E6BCAC3DDD52CF970 /* Pods-senegence.debug.xcconfig */;
			buildSettings = {
				ASSETCATALOG_COMPILER_APPICON_NAME = AppIcon;
				CLANG_ENABLE_MODULES = YES;
				CURRENT_PROJECT_VERSION = 1;
				ENABLE_BITCODE = NO;
				INFOPLIST_FILE = senegence/Info.plist;
				LD_RUNPATH_SEARCH_PATHS = (
					"$(inherited)",
					"@executable_path/Frameworks",
				);
				OTHER_LDFLAGS = (
					"$(inherited)",
					"-ObjC",
					"-lc++",
				);
				PRODUCT_BUNDLE_IDENTIFIER = "org.reactjs.native.example.$(PRODUCT_NAME:rfc1034identifier)";
				PRODUCT_NAME = senegence;
				SWIFT_OPTIMIZATION_LEVEL = "-Onone";
				SWIFT_VERSION = 5.0;
				VERSIONING_SYSTEM = "apple-generic";
			};
			name = Debug;
		};
		13B07F951A680F5B00A75B9A /* Release */ = {
			isa = XCBuildConfiguration;
			baseConfigurationReference = 822039989A206D01D4279FAC /* Pods-senegence.release.xcconfig */;
			buildSettings = {
				ASSETCATALOG_COMPILER_APPICON_NAME = AppIcon;
				CLANG_ENABLE_MODULES = YES;
				CURRENT_PROJECT_VERSION = 1;
				INFOPLIST_FILE = senegence/Info.plist;
				LD_RUNPATH_SEARCH_PATHS = (
					"$(inherited)",
					"@executable_path/Frameworks",
				);
				OTHER_LDFLAGS = (
					"$(inherited)",
					"-ObjC",
					"-lc++",
				);
				PRODUCT_BUNDLE_IDENTIFIER = "org.reactjs.native.example.$(PRODUCT_NAME:rfc1034identifier)";
				PRODUCT_NAME = senegence;
				SWIFT_VERSION = 5.0;
				VERSIONING_SYSTEM = "apple-generic";
			};
			name = Release;
		};
		83CBBA201A601CBA00E9B192 /* Debug */ = {
			isa = XCBuildConfiguration;
			buildSettings = {
				ALWAYS_SEARCH_USER_PATHS = NO;
				CLANG_ANALYZER_LOCALIZABILITY_NONLOCALIZED = YES;
				CLANG_CXX_LANGUAGE_STANDARD = "gnu++0x";
				CLANG_CXX_LIBRARY = "libc++";
				CLANG_ENABLE_MODULES = YES;
				CLANG_ENABLE_OBJC_ARC = YES;
				CLANG_WARN_BLOCK_CAPTURE_AUTORELEASING = YES;
				CLANG_WARN_BOOL_CONVERSION = YES;
				CLANG_WARN_COMMA = YES;
				CLANG_WARN_CONSTANT_CONVERSION = YES;
				CLANG_WARN_DEPRECATED_OBJC_IMPLEMENTATIONS = YES;
				CLANG_WARN_DIRECT_OBJC_ISA_USAGE = YES_ERROR;
				CLANG_WARN_EMPTY_BODY = YES;
				CLANG_WARN_ENUM_CONVERSION = YES;
				CLANG_WARN_INFINITE_RECURSION = YES;
				CLANG_WARN_INT_CONVERSION = YES;
				CLANG_WARN_NON_LITERAL_NULL_CONVERSION = YES;
				CLANG_WARN_OBJC_IMPLICIT_RETAIN_SELF = YES;
				CLANG_WARN_OBJC_LITERAL_CONVERSION = YES;
				CLANG_WARN_OBJC_ROOT_CLASS = YES_ERROR;
				CLANG_WARN_QUOTED_INCLUDE_IN_FRAMEWORK_HEADER = YES;
				CLANG_WARN_RANGE_LOOP_ANALYSIS = YES;
				CLANG_WARN_STRICT_PROTOTYPES = YES;
				CLANG_WARN_SUSPICIOUS_MOVE = YES;
				CLANG_WARN_UNREACHABLE_CODE = YES;
				CLANG_WARN__DUPLICATE_METHOD_MATCH = YES;
				"CODE_SIGN_IDENTITY[sdk=iphoneos*]" = "iPhone Developer";
				COPY_PHASE_STRIP = NO;
				ENABLE_STRICT_OBJC_MSGSEND = YES;
				ENABLE_TESTABILITY = YES;
				"EXCLUDED_ARCHS[sdk=iphonesimulator*]" = "";
				GCC_C_LANGUAGE_STANDARD = gnu99;
				GCC_DYNAMIC_NO_PIC = NO;
				GCC_NO_COMMON_BLOCKS = YES;
				GCC_OPTIMIZATION_LEVEL = 0;
				GCC_PREPROCESSOR_DEFINITIONS = (
					"DEBUG=1",
					"$(inherited)",
				);
				GCC_SYMBOLS_PRIVATE_EXTERN = NO;
				GCC_WARN_64_TO_32_BIT_CONVERSION = YES;
				GCC_WARN_ABOUT_RETURN_TYPE = YES_ERROR;
				GCC_WARN_UNDECLARED_SELECTOR = YES;
				GCC_WARN_UNINITIALIZED_AUTOS = YES_AGGRESSIVE;
				GCC_WARN_UNUSED_FUNCTION = YES;
				GCC_WARN_UNUSED_VARIABLE = YES;
				IPHONEOS_DEPLOYMENT_TARGET = 10.0;
				LD_RUNPATH_SEARCH_PATHS = (
					/usr/lib/swift,
					"$(inherited)",
				);
				LIBRARY_SEARCH_PATHS = (
					"\"$(TOOLCHAIN_DIR)/usr/lib/swift/$(PLATFORM_NAME)\"",
					"\"$(TOOLCHAIN_DIR)/usr/lib/swift-5.0/$(PLATFORM_NAME)\"",
					"\"$(inherited)\"",
				);
				MTL_ENABLE_DEBUG_INFO = YES;
				ONLY_ACTIVE_ARCH = YES;
				SDKROOT = iphoneos;
			};
			name = Debug;
		};
		83CBBA211A601CBA00E9B192 /* Release */ = {
			isa = XCBuildConfiguration;
			buildSettings = {
				ALWAYS_SEARCH_USER_PATHS = NO;
				CLANG_ANALYZER_LOCALIZABILITY_NONLOCALIZED = YES;
				CLANG_CXX_LANGUAGE_STANDARD = "gnu++0x";
				CLANG_CXX_LIBRARY = "libc++";
				CLANG_ENABLE_MODULES = YES;
				CLANG_ENABLE_OBJC_ARC = YES;
				CLANG_WARN_BLOCK_CAPTURE_AUTORELEASING = YES;
				CLANG_WARN_BOOL_CONVERSION = YES;
				CLANG_WARN_COMMA = YES;
				CLANG_WARN_CONSTANT_CONVERSION = YES;
				CLANG_WARN_DEPRECATED_OBJC_IMPLEMENTATIONS = YES;
				CLANG_WARN_DIRECT_OBJC_ISA_USAGE = YES_ERROR;
				CLANG_WARN_EMPTY_BODY = YES;
				CLANG_WARN_ENUM_CONVERSION = YES;
				CLANG_WARN_INFINITE_RECURSION = YES;
				CLANG_WARN_INT_CONVERSION = YES;
				CLANG_WARN_NON_LITERAL_NULL_CONVERSION = YES;
				CLANG_WARN_OBJC_IMPLICIT_RETAIN_SELF = YES;
				CLANG_WARN_OBJC_LITERAL_CONVERSION = YES;
				CLANG_WARN_OBJC_ROOT_CLASS = YES_ERROR;
				CLANG_WARN_QUOTED_INCLUDE_IN_FRAMEWORK_HEADER = YES;
				CLANG_WARN_RANGE_LOOP_ANALYSIS = YES;
				CLANG_WARN_STRICT_PROTOTYPES = YES;
				CLANG_WARN_SUSPICIOUS_MOVE = YES;
				CLANG_WARN_UNREACHABLE_CODE = YES;
				CLANG_WARN__DUPLICATE_METHOD_MATCH = YES;
				"CODE_SIGN_IDENTITY[sdk=iphoneos*]" = "iPhone Developer";
				COPY_PHASE_STRIP = YES;
				ENABLE_NS_ASSERTIONS = NO;
				ENABLE_STRICT_OBJC_MSGSEND = YES;
				"EXCLUDED_ARCHS[sdk=iphonesimulator*]" = "";
				GCC_C_LANGUAGE_STANDARD = gnu99;
				GCC_NO_COMMON_BLOCKS = YES;
				GCC_WARN_64_TO_32_BIT_CONVERSION = YES;
				GCC_WARN_ABOUT_RETURN_TYPE = YES_ERROR;
				GCC_WARN_UNDECLARED_SELECTOR = YES;
				GCC_WARN_UNINITIALIZED_AUTOS = YES_AGGRESSIVE;
				GCC_WARN_UNUSED_FUNCTION = YES;
				GCC_WARN_UNUSED_VARIABLE = YES;
				IPHONEOS_DEPLOYMENT_TARGET = 10.0;
				LD_RUNPATH_SEARCH_PATHS = (
					/usr/lib/swift,
					"$(inherited)",
				);
				LIBRARY_SEARCH_PATHS = (
					"\"$(TOOLCHAIN_DIR)/usr/lib/swift/$(PLATFORM_NAME)\"",
					"\"$(TOOLCHAIN_DIR)/usr/lib/swift-5.0/$(PLATFORM_NAME)\"",
					"\"$(inherited)\"",
				);
				MTL_ENABLE_DEBUG_INFO = NO;
				SDKROOT = iphoneos;
				VALIDATE_PRODUCT = YES;
			};
			name = Release;
		};
/* End XCBuildConfiguration section */

/* Begin XCConfigurationList section */
		00E357021AD99517003FC87E /* Build configuration list for PBXNativeTarget "senegenceTests" */ = {
			isa = XCConfigurationList;
			buildConfigurations = (
				00E356F61AD99517003FC87E /* Debug */,
				00E356F71AD99517003FC87E /* Release */,
			);
			defaultConfigurationIsVisible = 0;
			defaultConfigurationName = Release;
		};
		13B07F931A680F5B00A75B9A /* Build configuration list for PBXNativeTarget "senegence" */ = {
			isa = XCConfigurationList;
			buildConfigurations = (
				13B07F941A680F5B00A75B9A /* Debug */,
				13B07F951A680F5B00A75B9A /* Release */,
			);
			defaultConfigurationIsVisible = 0;
			defaultConfigurationName = Release;
		};
		83CBB9FA1A601CBA00E9B192 /* Build configuration list for PBXProject "senegence" */ = {
			isa = XCConfigurationList;
			buildConfigurations = (
				83CBBA201A601CBA00E9B192 /* Debug */,
				83CBBA211A601CBA00E9B192 /* Release */,
			);
			defaultConfigurationIsVisible = 0;
			defaultConfigurationName = Release;
		};
/* End XCConfigurationList section */
	};
	rootObject = 83CBB9F71A601CBA00E9B192 /* Project object */;
}
